
Microsoft Visual Studio Solution File, Format Version 12.00
# Visual Studio Version 17
VisualStudioVersion = 17.5.33424.131
MinimumVisualStudioVersion = 10.0.40219.1
Project("{F184B08F-C81C-45F6-A57F-5ABD9991F28F}") = "Formapp", "Formapp.vbproj", "{5AB21449-8EFD-4F55-9BC2-C178687241C4}"
EndProject
Global
	GlobalSection(SolutionConfigurationPlatforms) = preSolution
		Debug|Any CPU = Debug|Any CPU
		Release|Any CPU = Release|Any CPU
	EndGlobalSection
	GlobalSection(ProjectConfigurationPlatforms) = postSolution
		{5AB21449-8EFD-4F55-9BC2-C178687241C4}.Debug|Any CPU.ActiveCfg = Debug|Any CPU
		{5AB21449-8EFD-4F55-9BC2-C178687241C4}.Debug|Any CPU.Build.0 = Debug|Any CPU
		{5AB21449-8EFD-4F55-9BC2-C178687241C4}.Release|Any CPU.ActiveCfg = Release|Any CPU
		{5AB21449-8EFD-4F55-9BC2-C178687241C4}.Release|Any CPU.Build.0 = Release|Any CPU
	EndGlobalSection
	GlobalSection(SolutionProperties) = preSolution
		HideSolutionNode = FALSE
	EndGlobalSection
	GlobalSection(ExtensibilityGlobals) = postSolution
		SolutionGuid = {C7A7E2B1-195A-4351-B34C-406C438742A4}
	EndGlobalSection
EndGlobal
